// !$*UTF8*$!
{
	archiveVersion = 1;
	classes = {
	};
	objectVersion = 50;
	objects = {

/* Begin PBXBuildFile section */
		7634BA9825EA691500B497E6 /* AppDelegate.swift in Sources */ = {isa = PBXBuildFile; fileRef = 7634BA9725EA691500B497E6 /* AppDelegate.swift */; };
		7634BA9A25EA691500B497E6 /* SceneDelegate.swift in Sources */ = {isa = PBXBuildFile; fileRef = 7634BA9925EA691500B497E6 /* SceneDelegate.swift */; };
		7634BA9F25EA691500B497E6 /* Main.storyboard in Resources */ = {isa = PBXBuildFile; fileRef = 7634BA9D25EA691500B497E6 /* Main.storyboard */; };
		7634BAA225EA691500B497E6 /* MyMemory.xcdatamodeld in Sources */ = {isa = PBXBuildFile; fileRef = 7634BAA025EA691500B497E6 /* MyMemory.xcdatamodeld */; };
		7634BAA425EA691600B497E6 /* Assets.xcassets in Resources */ = {isa = PBXBuildFile; fileRef = 7634BAA325EA691600B497E6 /* Assets.xcassets */; };
		7634BAA725EA691600B497E6 /* LaunchScreen.storyboard in Resources */ = {isa = PBXBuildFile; fileRef = 7634BAA525EA691600B497E6 /* LaunchScreen.storyboard */; };
		76B0B4B025ECAD8B00A025A2 /* MemoListVC.swift in Sources */ = {isa = PBXBuildFile; fileRef = 76B0B4AF25ECAD8B00A025A2 /* MemoListVC.swift */; };
		76B0B4B325ECADDF00A025A2 /* MemoFormVC.swift in Sources */ = {isa = PBXBuildFile; fileRef = 76B0B4B225ECADDF00A025A2 /* MemoFormVC.swift */; };
		76B0B4B625ECAE0800A025A2 /* MemoReadVC.swift in Sources */ = {isa = PBXBuildFile; fileRef = 76B0B4B525ECAE0800A025A2 /* MemoReadVC.swift */; };
		76B0B4B925ECAE5200A025A2 /* MemoCell.swift in Sources */ = {isa = PBXBuildFile; fileRef = 76B0B4B825ECAE5200A025A2 /* MemoCell.swift */; };
		76B0B4BC25ECAF5000A025A2 /* MemoData.swift in Sources */ = {isa = PBXBuildFile; fileRef = 76B0B4BB25ECAF5000A025A2 /* MemoData.swift */; };
/* End PBXBuildFile section */

/* Begin PBXFileReference section */
		7634BA9425EA691500B497E6 /* MyMemory.app */ = {isa = PBXFileReference; explicitFileType = wrapper.application; includeInIndex = 0; path = MyMemory.app; sourceTree = BUILT_PRODUCTS_DIR; };
		7634BA9725EA691500B497E6 /* AppDelegate.swift */ = {isa = PBXFileReference; lastKnownFileType = sourcecode.swift; path = AppDelegate.swift; sourceTree = "<group>"; };
		7634BA9925EA691500B497E6 /* SceneDelegate.swift */ = {isa = PBXFileReference; lastKnownFileType = sourcecode.swift; path = SceneDelegate.swift; sourceTree = "<group>"; };
		7634BA9E25EA691500B497E6 /* Base */ = {isa = PBXFileReference; lastKnownFileType = file.storyboard; name = Base; path = Base.lproj/Main.storyboard; sourceTree = "<group>"; };
		7634BAA125EA691500B497E6 /* MyMemory.xcdatamodel */ = {isa = PBXFileReference; lastKnownFileType = wrapper.xcdatamodel; path = MyMemory.xcdatamodel; sourceTree = "<group>"; };
		7634BAA325EA691600B497E6 /* Assets.xcassets */ = {isa = PBXFileReference; lastKnownFileType = folder.assetcatalog; path = Assets.xcassets; sourceTree = "<group>"; };
		7634BAA625EA691600B497E6 /* Base */ = {isa = PBXFileReference; lastKnownFileType = file.storyboard; name = Base; path = Base.lproj/LaunchScreen.storyboard; sourceTree = "<group>"; };
		7634BAA825EA691600B497E6 /* Info.plist */ = {isa = PBXFileReference; lastKnownFileType = text.plist.xml; path = Info.plist; sourceTree = "<group>"; };
		76B0B4AF25ECAD8B00A025A2 /* MemoListVC.swift */ = {isa = PBXFileReference; lastKnownFileType = sourcecode.swift; path = MemoListVC.swift; sourceTree = "<group>"; };
		76B0B4B225ECADDF00A025A2 /* MemoFormVC.swift */ = {isa = PBXFileReference; lastKnownFileType = sourcecode.swift; path = MemoFormVC.swift; sourceTree = "<group>"; };
		76B0B4B525ECAE0800A025A2 /* MemoReadVC.swift */ = {isa = PBXFileReference; lastKnownFileType = sourcecode.swift; path = MemoReadVC.swift; sourceTree = "<group>"; };
		76B0B4B825ECAE5200A025A2 /* MemoCell.swift */ = {isa = PBXFileReference; lastKnownFileType = sourcecode.swift; path = MemoCell.swift; sourceTree = "<group>"; };
		76B0B4BB25ECAF5000A025A2 /* MemoData.swift */ = {isa = PBXFileReference; lastKnownFileType = sourcecode.swift; path = MemoData.swift; sourceTree = "<group>"; };
/* End PBXFileReference section */

/* Begin PBXFrameworksBuildPhase section */
		7634BA9125EA691500B497E6 /* Frameworks */ = {
			isa = PBXFrameworksBuildPhase;
			buildActionMask = 2147483647;
			files = (
			);
			runOnlyForDeploymentPostprocessing = 0;
		};
/* End PBXFrameworksBuildPhase section */

/* Begin PBXGroup section */
		7634BA8B25EA691500B497E6 = {
			isa = PBXGroup;
			children = (
				7634BA9625EA691500B497E6 /* MyMemory */,
				7634BA9525EA691500B497E6 /* Products */,
			);
			sourceTree = "<group>";
		};
		7634BA9525EA691500B497E6 /* Products */ = {
			isa = PBXGroup;
			children = (
				7634BA9425EA691500B497E6 /* MyMemory.app */,
			);
			name = Products;
			sourceTree = "<group>";
		};
		7634BA9625EA691500B497E6 /* MyMemory */ = {
			isa = PBXGroup;
			children = (
				7634BA9725EA691500B497E6 /* AppDelegate.swift */,
				7634BA9925EA691500B497E6 /* SceneDelegate.swift */,
				7634BA9D25EA691500B497E6 /* Main.storyboard */,
				76B0B4B825ECAE5200A025A2 /* MemoCell.swift */,
				76B0B4BB25ECAF5000A025A2 /* MemoData.swift */,
				76B0B4B225ECADDF00A025A2 /* MemoFormVC.swift */,
				76B0B4B525ECAE0800A025A2 /* MemoReadVC.swift */,
				76B0B4AF25ECAD8B00A025A2 /* MemoListVC.swift */,
				7634BAA325EA691600B497E6 /* Assets.xcassets */,
				7634BAA525EA691600B497E6 /* LaunchScreen.storyboard */,
				7634BAA825EA691600B497E6 /* Info.plist */,
				7634BAA025EA691500B497E6 /* MyMemory.xcdatamodeld */,
			);
			path = MyMemory;
			sourceTree = "<group>";
		};
/* End PBXGroup section */

/* Begin PBXNativeTarget section */
		7634BA9325EA691500B497E6 /* MyMemory */ = {
			isa = PBXNativeTarget;
			buildConfigurationList = 7634BAAB25EA691600B497E6 /* Build configuration list for PBXNativeTarget "MyMemory" */;
			buildPhases = (
				7634BA9025EA691500B497E6 /* Sources */,
				7634BA9125EA691500B497E6 /* Frameworks */,
				7634BA9225EA691500B497E6 /* Resources */,
			);
			buildRules = (
			);
			dependencies = (
			);
			name = MyMemory;
			productName = MyMemory;
			productReference = 7634BA9425EA691500B497E6 /* MyMemory.app */;
			productType = "com.apple.product-type.application";
		};
/* End PBXNativeTarget section */

/* Begin PBXProject section */
		7634BA8C25EA691500B497E6 /* Project object */ = {
			isa = PBXProject;
			attributes = {
				LastSwiftUpdateCheck = 1240;
				LastUpgradeCheck = 1240;
				TargetAttributes = {
					7634BA9325EA691500B497E6 = {
						CreatedOnToolsVersion = 12.4;
					};
				};
			};
			buildConfigurationList = 7634BA8F25EA691500B497E6 /* Build configuration list for PBXProject "MyMemory" */;
			compatibilityVersion = "Xcode 9.3";
			developmentRegion = en;
			hasScannedForEncodings = 0;
			knownRegions = (
				en,
				Base,
			);
			mainGroup = 7634BA8B25EA691500B497E6;
			productRefGroup = 7634BA9525EA691500B497E6 /* Products */;
			projectDirPath = "";
			projectRoot = "";
			targets = (
				7634BA9325EA691500B497E6 /* MyMemory */,
			);
		};
/* End PBXProject section */

/* Begin PBXResourcesBuildPhase section */
		7634BA9225EA691500B497E6 /* Resources */ = {
			isa = PBXResourcesBuildPhase;
			buildActionMask = 2147483647;
			files = (
				7634BAA725EA691600B497E6 /* LaunchScreen.storyboard in Resources */,
				7634BAA425EA691600B497E6 /* Assets.xcassets in Resources */,
				7634BA9F25EA691500B497E6 /* Main.storyboard in Resources */,
			);
			runOnlyForDeploymentPostprocessing = 0;
		};
/* End PBXResourcesBuildPhase section */

/* Begin PBXSourcesBuildPhase section */
		7634BA9025EA691500B497E6 /* Sources */ = {
			isa = PBXSourcesBuildPhase;
			buildActionMask = 2147483647;
			files = (
				76B0B4B925ECAE5200A025A2 /* MemoCell.swift in Sources */,
				76B0B4BC25ECAF5000A025A2 /* MemoData.swift in Sources */,
				7634BAA225EA691500B497E6 /* MyMemory.xcdatamodeld in Sources */,
				76B0B4B325ECADDF00A025A2 /* MemoFormVC.swift in Sources */,
				76B0B4B625ECAE0800A025A2 /* MemoReadVC.swift in Sources */,
				7634BA9825EA691500B497E6 /* AppDelegate.swift in Sources */,
				76B0B4B025ECAD8B00A025A2 /* MemoListVC.swift in Sources */,
				7634BA9A25EA691500B497E6 /* SceneDelegate.swift in Sources */,
			);
			runOnlyForDeploymentPostprocessing = 0;
		};
/* End PBXSourcesBuildPhase section */

/* Begin PBXVariantGroup section */
		7634BA9D25EA691500B497E6 /* Main.storyboard */ = {
			isa = PBXVariantGroup;
			children = (
				7634BA9E25EA691500B497E6 /* Base */,
			);
			name = Main.storyboard;
			sourceTree = "<group>";
		};
		7634BAA525EA691600B497E6 /* LaunchScreen.storyboard */ = {
			isa = PBXVariantGroup;
			children = (
				7634BAA625EA691600B497E6 /* Base */,
			);
			name = LaunchScreen.storyboard;
			sourceTree = "<group>";
		};
/* End PBXVariantGroup section */

/* Begin XCBuildConfiguration section */
		7634BAA925EA691600B497E6 /* Debug */ = {
			isa = XCBuildConfiguration;
			buildSettings = {
				ALWAYS_SEARCH_USER_PATHS = NO;
				CLANG_ANALYZER_NONNULL = YES;
				CLANG_ANALYZER_NUMBER_OBJECT_CONVERSION = YES_AGGRESSIVE;
				CLANG_CXX_LANGUAGE_STANDARD = "gnu++14";
				CLANG_CXX_LIBRARY = "libc++";
				CLANG_ENABLE_MODULES = YES;
				CLANG_ENABLE_OBJC_ARC = YES;
				CLANG_ENABLE_OBJC_WEAK = YES;
				CLANG_WARN_BLOCK_CAPTURE_AUTORELEASING = YES;
				CLANG_WARN_BOOL_CONVERSION = YES;
				CLANG_WARN_COMMA = YES;
				CLANG_WARN_CONSTANT_CONVERSION = YES;
				CLANG_WARN_DEPRECATED_OBJC_IMPLEMENTATIONS = YES;
				CLANG_WARN_DIRECT_OBJC_ISA_USAGE = YES_ERROR;
				CLANG_WARN_DOCUMENTATION_COMMENTS = YES;
				CLANG_WARN_EMPTY_BODY = YES;
				CLANG_WARN_ENUM_CONVERSION = YES;
				CLANG_WARN_INFINITE_RECURSION = YES;
				CLANG_WARN_INT_CONVERSION = YES;
				CLANG_WARN_NON_LITERAL_NULL_CONVERSION = YES;
				CLANG_WARN_OBJC_IMPLICIT_RETAIN_SELF = YES;
				CLANG_WARN_OBJC_LITERAL_CONVERSION = YES;
				CLANG_WARN_OBJC_ROOT_CLASS = YES_ERROR;
				CLANG_WARN_QUOTED_INCLUDE_IN_FRAMEWORK_HEADER = YES;
				CLANG_WARN_RANGE_LOOP_ANALYSIS = YES;
				CLANG_WARN_STRICT_PROTOTYPES = YES;
				CLANG_WARN_SUSPICIOUS_MOVE = YES;
				CLANG_WARN_UNGUARDED_AVAILABILITY = YES_AGGRESSIVE;
				CLANG_WARN_UNREACHABLE_CODE = YES;
				CLANG_WARN__DUPLICATE_METHOD_MATCH = YES;
				COPY_PHASE_STRIP = NO;
				DEBUG_INFORMATION_FORMAT = dwarf;
				ENABLE_STRICT_OBJC_MSGSEND = YES;
				ENABLE_TESTABILITY = YES;
				GCC_C_LANGUAGE_STANDARD = gnu11;
				GCC_DYNAMIC_NO_PIC = NO;
				GCC_NO_COMMON_BLOCKS = YES;
				GCC_OPTIMIZATION_LEVEL = 0;
				GCC_PREPROCESSOR_DEFINITIONS = (
					"DEBUG=1",
					"$(inherited)",
				);
				GCC_WARN_64_TO_32_BIT_CONVERSION = YES;
				GCC_WARN_ABOUT_RETURN_TYPE = YES_ERROR;
				GCC_WARN_UNDECLARED_SELECTOR = YES;
				GCC_WARN_UNINITIALIZED_AUTOS = YES_AGGRESSIVE;
				GCC_WARN_UNUSED_FUNCTION = YES;
				GCC_WARN_UNUSED_VARIABLE = YES;
				IPHONEOS_DEPLOYMENT_TARGET = 14.4;
				MTL_ENABLE_DEBUG_INFO = INCLUDE_SOURCE;
				MTL_FAST_MATH = YES;
				ONLY_ACTIVE_ARCH = YES;
				SDKROOT = iphoneos;
				SWIFT_ACTIVE_COMPILATION_CONDITIONS = DEBUG;
				SWIFT_OPTIMIZATION_LEVEL = "-Onone";
			};
			name = Debug;
		};
		7634BAAA25EA691600B497E6 /* Release */ = {
			isa = XCBuildConfiguration;
			buildSettings = {
				ALWAYS_SEARCH_USER_PATHS = NO;
				CLANG_ANALYZER_NONNULL = YES;
				CLANG_ANALYZER_NUMBER_OBJECT_CONVERSION = YES_AGGRESSIVE;
				CLANG_CXX_LANGUAGE_STANDARD = "gnu++14";
				CLANG_CXX_LIBRARY = "libc++";
				CLANG_ENABLE_MODULES = YES;
				CLANG_ENABLE_OBJC_ARC = YES;
				CLANG_ENABLE_OBJC_WEAK = YES;
				CLANG_WARN_BLOCK_CAPTURE_AUTORELEASING = YES;
				CLANG_WARN_BOOL_CONVERSION = YES;
				CLANG_WARN_COMMA = YES;
				CLANG_WARN_CONSTANT_CONVERSION = YES;
				CLANG_WARN_DEPRECATED_OBJC_IMPLEMENTATIONS = YES;
				CLANG_WARN_DIRECT_OBJC_ISA_USAGE = YES_ERROR;
				CLANG_WARN_DOCUMENTATION_COMMENTS = YES;
				CLANG_WARN_EMPTY_BODY = YES;
				CLANG_WARN_ENUM_CONVERSION = YES;
				CLANG_WARN_INFINITE_RECURSION = YES;
				CLANG_WARN_INT_CONVERSION = YES;
				CLANG_WARN_NON_LITERAL_NULL_CONVERSION = YES;
				CLANG_WARN_OBJC_IMPLICIT_RETAIN_SELF = YES;
				CLANG_WARN_OBJC_LITERAL_CONVERSION = YES;
				CLANG_WARN_OBJC_ROOT_CLASS = YES_ERROR;
				CLANG_WARN_QUOTED_INCLUDE_IN_FRAMEWORK_HEADER = YES;
				CLANG_WARN_RANGE_LOOP_ANALYSIS = YES;
				CLANG_WARN_STRICT_PROTOTYPES = YES;
				CLANG_WARN_SUSPICIOUS_MOVE = YES;
				CLANG_WARN_UNGUARDED_AVAILABILITY = YES_AGGRESSIVE;
				CLANG_WARN_UNREACHABLE_CODE = YES;
				CLANG_WARN__DUPLICATE_METHOD_MATCH = YES;
				COPY_PHASE_STRIP = NO;
				DEBUG_INFORMATION_FORMAT = "dwarf-with-dsym";
				ENABLE_NS_ASSERTIONS = NO;
				ENABLE_STRICT_OBJC_MSGSEND = YES;
				GCC_C_LANGUAGE_STANDARD = gnu11;
				GCC_NO_COMMON_BLOCKS = YES;
				GCC_WARN_64_TO_32_BIT_CONVERSION = YES;
				GCC_WARN_ABOUT_RETURN_TYPE = YES_ERROR;
				GCC_WARN_UNDECLARED_SELECTOR = YES;
				GCC_WARN_UNINITIALIZED_AUTOS = YES_AGGRESSIVE;
				GCC_WARN_UNUSED_FUNCTION = YES;
				GCC_WARN_UNUSED_VARIABLE = YES;
				IPHONEOS_DEPLOYMENT_TARGET = 14.4;
				MTL_ENABLE_DEBUG_INFO = NO;
				MTL_FAST_MATH = YES;
				SDKROOT = iphoneos;
				SWIFT_COMPILATION_MODE = wholemodule;
				SWIFT_OPTIMIZATION_LEVEL = "-O";
				VALIDATE_PRODUCT = YES;
			};
			name = Release;
		};
		7634BAAC25EA691600B497E6 /* Debug */ = {
			isa = XCBuildConfiguration;
			buildSettings = {
				ASSETCATALOG_COMPILER_APPICON_NAME = AppIcon;
				ASSETCATALOG_COMPILER_GLOBAL_ACCENT_COLOR_NAME = AccentColor;
				CODE_SIGN_STYLE = Automatic;
				DEVELOPMENT_TEAM = 4LSVVCGUJ2;
				INFOPLIST_FILE = MyMemory/Info.plist;
				LD_RUNPATH_SEARCH_PATHS = (
					"$(inherited)",
					"@executable_path/Frameworks",
				);
				PRODUCT_BUNDLE_IDENTIFIER = com.joon.MyMemory;
				PRODUCT_NAME = "$(TARGET_NAME)";
				SWIFT_VERSION = 5.0;
				TARGETED_DEVICE_FAMILY = "1,2";
			};
			name = Debug;
		};
		7634BAAD25EA691600B497E6 /* Release */ = {
			isa = XCBuildConfiguration;
			buildSettings = {
				ASSETCATALOG_COMPILER_APPICON_NAME = AppIcon;
				ASSETCATALOG_COMPILER_GLOBAL_ACCENT_COLOR_NAME = AccentColor;
				CODE_SIGN_STYLE = Automatic;
				DEVELOPMENT_TEAM = 4LSVVCGUJ2;
				INFOPLIST_FILE = MyMemory/Info.plist;
				LD_RUNPATH_SEARCH_PATHS = (
					"$(inherited)",
					"@executable_path/Frameworks",
				);
				PRODUCT_BUNDLE_IDENTIFIER = com.joon.MyMemory;
				PRODUCT_NAME = "$(TARGET_NAME)";
				SWIFT_VERSION = 5.0;
				TARGETED_DEVICE_FAMILY = "1,2";
			};
			name = Release;
		};
/* End XCBuildConfiguration section */

/* Begin XCConfigurationList section */
		7634BA8F25EA691500B497E6 /* Build configuration list for PBXProject "MyMemory" */ = {
			isa = XCConfigurationList;
			buildConfigurations = (
				7634BAA925EA691600B497E6 /* Debug */,
				7634BAAA25EA691600B497E6 /* Release */,
			);
			defaultConfigurationIsVisible = 0;
			defaultConfigurationName = Release;
		};
		7634BAAB25EA691600B497E6 /* Build configuration list for PBXNativeTarget "MyMemory" */ = {
			isa = XCConfigurationList;
			buildConfigurations = (
				7634BAAC25EA691600B497E6 /* Debug */,
				7634BAAD25EA691600B497E6 /* Release */,
			);
			defaultConfigurationIsVisible = 0;
			defaultConfigurationName = Release;
		};
/* End XCConfigurationList section */

/* Begin XCVersionGroup section */
		7634BAA025EA691500B497E6 /* MyMemory.xcdatamodeld */ = {
			isa = XCVersionGroup;
			children = (
				7634BAA125EA691500B497E6 /* MyMemory.xcdatamodel */,
			);
			currentVersion = 7634BAA125EA691500B497E6 /* MyMemory.xcdatamodel */;
			path = MyMemory.xcdatamodeld;
			sourceTree = "<group>";
			versionGroupType = wrapper.xcdatamodel;
		};
/* End XCVersionGroup section */
	};
	rootObject = 7634BA8C25EA691500B497E6 /* Project object */;
}
